
Microsoft Visual Studio Solution File, Format Version 12.00
Project("{FAE04EC0-301F-11D3-BF4B-00C04F79EFBC}") = "DragonFruit.OnionFruit.Services.Onionoo", "DragonFruit.OnionFruit.Services.Onionoo\DragonFruit.OnionFruit.Services.Onionoo.csproj", "{CC7B602C-F694-4EB2-88A4-0791AFFBDF08}"
EndProject
Project("{FAE04EC0-301F-11D3-BF4B-00C04F79EFBC}") = "DragonFruit.OnionFruit.Services.Onionoo.Tests", "DragonFruit.OnionFruit.Services.Onionoo.Tests\DragonFruit.OnionFruit.Services.Onionoo.Tests.csproj", "{E59FEA85-7941-4D33-83DF-1509177ABF9D}"
EndProject
Project("{FAE04EC0-301F-11D3-BF4B-00C04F79EFBC}") = "DragonFruit.OnionFruit.Services.LocationDb", "DragonFruit.OnionFruit.Services.LocationDb\DragonFruit.OnionFruit.Services.LocationDb.csproj", "{A2FD9040-8C62-4EB1-AF7A-095130F06435}"
EndProject
Project("{FAE04EC0-301F-11D3-BF4B-00C04F79EFBC}") = "DragonFruit.OnionFruit.Services.LocationDb.Sync", "DragonFruit.OnionFruit.Services.LocationDb.Sync\DragonFruit.OnionFruit.Services.LocationDb.Sync.csproj", "{B047147D-D90F-476E-92CB-72BE973BA2DE}"
EndProject
Global
	GlobalSection(SolutionConfigurationPlatforms) = preSolution
		Debug|Any CPU = Debug|Any CPU
		Release|Any CPU = Release|Any CPU
	EndGlobalSection
	GlobalSection(ProjectConfigurationPlatforms) = postSolution
		{CC7B602C-F694-4EB2-88A4-0791AFFBDF08}.Debug|Any CPU.ActiveCfg = Debug|Any CPU
		{CC7B602C-F694-4EB2-88A4-0791AFFBDF08}.Debug|Any CPU.Build.0 = Debug|Any CPU
		{CC7B602C-F694-4EB2-88A4-0791AFFBDF08}.Release|Any CPU.ActiveCfg = Release|Any CPU
		{CC7B602C-F694-4EB2-88A4-0791AFFBDF08}.Release|Any CPU.Build.0 = Release|Any CPU
		{E59FEA85-7941-4D33-83DF-1509177ABF9D}.Debug|Any CPU.ActiveCfg = Debug|Any CPU
		{E59FEA85-7941-4D33-83DF-1509177ABF9D}.Debug|Any CPU.Build.0 = Debug|Any CPU
		{E59FEA85-7941-4D33-83DF-1509177ABF9D}.Release|Any CPU.ActiveCfg = Release|Any CPU
		{E59FEA85-7941-4D33-83DF-1509177ABF9D}.Release|Any CPU.Build.0 = Release|Any CPU
		{A2FD9040-8C62-4EB1-AF7A-095130F06435}.Debug|Any CPU.ActiveCfg = Debug|Any CPU
		{A2FD9040-8C62-4EB1-AF7A-095130F06435}.Debug|Any CPU.Build.0 = Debug|Any CPU
		{A2FD9040-8C62-4EB1-AF7A-095130F06435}.Release|Any CPU.ActiveCfg = Release|Any CPU
		{A2FD9040-8C62-4EB1-AF7A-095130F06435}.Release|Any CPU.Build.0 = Release|Any CPU
		{B047147D-D90F-476E-92CB-72BE973BA2DE}.Debug|Any CPU.ActiveCfg = Debug|Any CPU
		{B047147D-D90F-476E-92CB-72BE973BA2DE}.Debug|Any CPU.Build.0 = Debug|Any CPU
		{B047147D-D90F-476E-92CB-72BE973BA2DE}.Release|Any CPU.ActiveCfg = Release|Any CPU
		{B047147D-D90F-476E-92CB-72BE973BA2DE}.Release|Any CPU.Build.0 = Release|Any CPU
	EndGlobalSection
EndGlobal
